// !$*UTF8*$!
{
	archiveVersion = 1;
	classes = {
	};
	objectVersion = 46;
	objects = {

/* Begin PBXBuildFile section */
		D464FEE81D22836600D03490 /* main.m in Sources */ = {isa = PBXBuildFile; fileRef = D464FEE71D22836600D03490 /* main.m */; };
		D464FEF11D22836600D03490 /* Main.storyboard in Resources */ = {isa = PBXBuildFile; fileRef = D464FEEF1D22836600D03490 /* Main.storyboard */; };
		D464FEF31D22836600D03490 /* Assets.xcassets in Resources */ = {isa = PBXBuildFile; fileRef = D464FEF21D22836600D03490 /* Assets.xcassets */; };
		D464FEF61D22836600D03490 /* LaunchScreen.storyboard in Resources */ = {isa = PBXBuildFile; fileRef = D464FEF41D22836600D03490 /* LaunchScreen.storyboard */; };
		D464FF011D22836600D03490 /* CABaseAnimation_UseTests.m in Sources */ = {isa = PBXBuildFile; fileRef = D464FF001D22836600D03490 /* CABaseAnimation_UseTests.m */; };
		D464FF0C1D22836600D03490 /* CABaseAnimation_UseUITests.m in Sources */ = {isa = PBXBuildFile; fileRef = D464FF0B1D22836600D03490 /* CABaseAnimation_UseUITests.m */; };
		D464FF1B1D2283EB00D03490 /* CABaseAnimationController.m in Sources */ = {isa = PBXBuildFile; fileRef = D464FF1A1D2283EB00D03490 /* CABaseAnimationController.m */; };
		D464FF271D22852400D03490 /* ALView+PureLayout.m in Sources */ = {isa = PBXBuildFile; fileRef = D464FF1F1D22852400D03490 /* ALView+PureLayout.m */; };
		D464FF281D22852400D03490 /* NSArray+PureLayout.m in Sources */ = {isa = PBXBuildFile; fileRef = D464FF211D22852400D03490 /* NSArray+PureLayout.m */; };
		D464FF291D22852400D03490 /* NSLayoutConstraint+PureLayout.m in Sources */ = {isa = PBXBuildFile; fileRef = D464FF231D22852400D03490 /* NSLayoutConstraint+PureLayout.m */; };
		D464FF2C1D22869800D03490 /* CABaseAnimationCell.m in Sources */ = {isa = PBXBuildFile; fileRef = D464FF2B1D22869800D03490 /* CABaseAnimationCell.m */; };
		D464FF361D22885000D03490 /* MainAnimationController.m in Sources */ = {isa = PBXBuildFile; fileRef = D464FF351D22885000D03490 /* MainAnimationController.m */; };
		D464FF491D22893800D03490 /* EnnProduceRightTop.m in Sources */ = {isa = PBXBuildFile; fileRef = D464FF401D22893800D03490 /* EnnProduceRightTop.m */; };
		D464FF4A1D22893800D03490 /* EnnProductNewLeftBottom.m in Sources */ = {isa = PBXBuildFile; fileRef = D464FF421D22893800D03490 /* EnnProductNewLeftBottom.m */; };
		D464FF4B1D22893800D03490 /* EnnProductNewLeftTopView.m in Sources */ = {isa = PBXBuildFile; fileRef = D464FF441D22893800D03490 /* EnnProductNewLeftTopView.m */; };
		D464FF4C1D22893800D03490 /* EnnProductNewPointView.m in Sources */ = {isa = PBXBuildFile; fileRef = D464FF461D22893800D03490 /* EnnProductNewPointView.m */; };
		D464FF4D1D22893800D03490 /* EnnproductNewRightBottom.m in Sources */ = {isa = PBXBuildFile; fileRef = D464FF481D22893800D03490 /* EnnproductNewRightBottom.m */; };
		D464FF531D2289AC00D03490 /* AnimationLineTool.m in Sources */ = {isa = PBXBuildFile; fileRef = D464FF501D2289AC00D03490 /* AnimationLineTool.m */; };
		D464FF541D2289AC00D03490 /* AnimationTool.m in Sources */ = {isa = PBXBuildFile; fileRef = D464FF521D2289AC00D03490 /* AnimationTool.m */; };
		D4E8361D1D2396E700211279 /* circle@2x.png in Resources */ = {isa = PBXBuildFile; fileRef = D4E836061D2396E700211279 /* circle@2x.png */; };
		D4E8361E1D2396E700211279 /* circle@3x.png in Resources */ = {isa = PBXBuildFile; fileRef = D4E836071D2396E700211279 /* circle@3x.png */; };
		D4E8361F1D2396E700211279 /* icon_cret_star@2x.png in Resources */ = {isa = PBXBuildFile; fileRef = D4E836081D2396E700211279 /* icon_cret_star@2x.png */; };
		D4E836201D2396E700211279 /* icon_cret_star@3x.png in Resources */ = {isa = PBXBuildFile; fileRef = D4E836091D2396E700211279 /* icon_cret_star@3x.png */; };
		D4E836211D2396E700211279 /* icon_cret_star_dark@2x.png in Resources */ = {isa = PBXBuildFile; fileRef = D4E8360A1D2396E700211279 /* icon_cret_star_dark@2x.png */; };
		D4E836221D2396E700211279 /* icon_cret_star_dark@3x.png in Resources */ = {isa = PBXBuildFile; fileRef = D4E8360B1D2396E700211279 /* icon_cret_star_dark@3x.png */; };
		D4E836231D2396E700211279 /* movetab_1@2x.png in Resources */ = {isa = PBXBuildFile; fileRef = D4E8360C1D2396E700211279 /* movetab_1@2x.png */; };
		D4E836241D2396E700211279 /* movetab_1@3x.png in Resources */ = {isa = PBXBuildFile; fileRef = D4E8360D1D2396E700211279 /* movetab_1@3x.png */; };
		D4E836251D2396E700211279 /* movetab_2@2x.png in Resources */ = {isa = PBXBuildFile; fileRef = D4E8360E1D2396E700211279 /* movetab_2@2x.png */; };
		D4E836261D2396E700211279 /* movetab_2@3x.png in Resources */ = {isa = PBXBuildFile; fileRef = D4E8360F1D2396E700211279 /* movetab_2@3x.png */; };
		D4E836271D2396E700211279 /* flash1@2x.png in Resources */ = {isa = PBXBuildFile; fileRef = D4E836111D2396E700211279 /* flash1@2x.png */; };
		D4E836281D2396E700211279 /* flash1@3x.png in Resources */ = {isa = PBXBuildFile; fileRef = D4E836121D2396E700211279 /* flash1@3x.png */; };
		D4E836291D2396E700211279 /* flash2@2x.png in Resources */ = {isa = PBXBuildFile; fileRef = D4E836131D2396E700211279 /* flash2@2x.png */; };
		D4E8362A1D2396E700211279 /* flash2@3x.png in Resources */ = {isa = PBXBuildFile; fileRef = D4E836141D2396E700211279 /* flash2@3x.png */; };
		D4E8362B1D2396E700211279 /* flash3@2x.png in Resources */ = {isa = PBXBuildFile; fileRef = D4E836151D2396E700211279 /* flash3@2x.png */; };
		D4E8362C1D2396E700211279 /* flash3@3x.png in Resources */ = {isa = PBXBuildFile; fileRef = D4E836161D2396E700211279 /* flash3@3x.png */; };
		D4E8362D1D2396E700211279 /* flash4@2x.png in Resources */ = {isa = PBXBuildFile; fileRef = D4E836171D2396E700211279 /* flash4@2x.png */; };
		D4E8362E1D2396E700211279 /* flash4@3x.png in Resources */ = {isa = PBXBuildFile; fileRef = D4E836181D2396E700211279 /* flash4@3x.png */; };
		D4E8362F1D2396E700211279 /* flash5@2x.png in Resources */ = {isa = PBXBuildFile; fileRef = D4E836191D2396E700211279 /* flash5@2x.png */; };
		D4E836301D2396E700211279 /* flash5@3x.png in Resources */ = {isa = PBXBuildFile; fileRef = D4E8361A1D2396E700211279 /* flash5@3x.png */; };
		D4E836311D2396E700211279 /* flash6@2x.png in Resources */ = {isa = PBXBuildFile; fileRef = D4E8361B1D2396E700211279 /* flash6@2x.png */; };
		D4E836321D2396E700211279 /* flash6@3x.png in Resources */ = {isa = PBXBuildFile; fileRef = D4E8361C1D2396E700211279 /* flash6@3x.png */; };
		D4E836361D23A04500211279 /* TwinkAnimationController.m in Sources */ = {isa = PBXBuildFile; fileRef = D4E836351D23A04500211279 /* TwinkAnimationController.m */; };
		D4E8363A1D23A4B100211279 /* MoveAnimationController.m in Sources */ = {isa = PBXBuildFile; fileRef = D4E836391D23A4B100211279 /* MoveAnimationController.m */; };
		D4E8363E1D23A5D400211279 /* ScaleAnimationController.m in Sources */ = {isa = PBXBuildFile; fileRef = D4E8363D1D23A5D400211279 /* ScaleAnimationController.m */; };
		D4E836421D23A8A500211279 /* MoveAndTransfromAnimationController.m in Sources */ = {isa = PBXBuildFile; fileRef = D4E836411D23A8A500211279 /* MoveAndTransfromAnimationController.m */; };
		D4E8364A1D23AA2E00211279 /* LineAnimationController.m in Sources */ = {isa = PBXBuildFile; fileRef = D4E836491D23AA2E00211279 /* LineAnimationController.m */; };
		D4E8364D1D23AA4300211279 /* LineView.m in Sources */ = {isa = PBXBuildFile; fileRef = D4E8364C1D23AA4300211279 /* LineView.m */; };
		D4E836531D23AF2900211279 /* AppDelegate.m in Sources */ = {isa = PBXBuildFile; fileRef = D4E836501D23AF2900211279 /* AppDelegate.m */; };
		D4E836541D23AF2900211279 /* ViewController.m in Sources */ = {isa = PBXBuildFile; fileRef = D4E836521D23AF2900211279 /* ViewController.m */; };
/* End PBXBuildFile section */

/* Begin PBXContainerItemProxy section */
		D464FEFD1D22836600D03490 /* PBXContainerItemProxy */ = {
			isa = PBXContainerItemProxy;
			containerPortal = D464FEDB1D22836600D03490 /* Project object */;
			proxyType = 1;
			remoteGlobalIDString = D464FEE21D22836600D03490;
			remoteInfo = "CABaseAnimation-Use";
		};
		D464FF081D22836600D03490 /* PBXContainerItemProxy */ = {
			isa = PBXContainerItemProxy;
			containerPortal = D464FEDB1D22836600D03490 /* Project object */;
			proxyType = 1;
			remoteGlobalIDString = D464FEE21D22836600D03490;
			remoteInfo = "CABaseAnimation-Use";
		};
/* End PBXContainerItemProxy section */

/* Begin PBXFileReference section */
		D464FEE31D22836600D03490 /* CABaseAnimation-Use.app */ = {isa = PBXFileReference; explicitFileType = wrapper.application; includeInIndex = 0; path = "CABaseAnimation-Use.app"; sourceTree = BUILT_PRODUCTS_DIR; };
		D464FEE71D22836600D03490 /* main.m */ = {isa = PBXFileReference; lastKnownFileType = sourcecode.c.objc; path = main.m; sourceTree = "<group>"; };
		D464FEF01D22836600D03490 /* Base */ = {isa = PBXFileReference; lastKnownFileType = file.storyboard; name = Base; path = Base.lproj/Main.storyboard; sourceTree = "<group>"; };
		D464FEF21D22836600D03490 /* Assets.xcassets */ = {isa = PBXFileReference; lastKnownFileType = folder.assetcatalog; path = Assets.xcassets; sourceTree = "<group>"; };
		D464FEF51D22836600D03490 /* Base */ = {isa = PBXFileReference; lastKnownFileType = file.storyboard; name = Base; path = Base.lproj/LaunchScreen.storyboard; sourceTree = "<group>"; };
		D464FEF71D22836600D03490 /* Info.plist */ = {isa = PBXFileReference; lastKnownFileType = text.plist.xml; path = Info.plist; sourceTree = "<group>"; };
		D464FEFC1D22836600D03490 /* CABaseAnimation-UseTests.xctest */ = {isa = PBXFileReference; explicitFileType = wrapper.cfbundle; includeInIndex = 0; path = "CABaseAnimation-UseTests.xctest"; sourceTree = BUILT_PRODUCTS_DIR; };
		D464FF001D22836600D03490 /* CABaseAnimation_UseTests.m */ = {isa = PBXFileReference; lastKnownFileType = sourcecode.c.objc; path = CABaseAnimation_UseTests.m; sourceTree = "<group>"; };
		D464FF021D22836600D03490 /* Info.plist */ = {isa = PBXFileReference; lastKnownFileType = text.plist.xml; path = Info.plist; sourceTree = "<group>"; };
		D464FF071D22836600D03490 /* CABaseAnimation-UseUITests.xctest */ = {isa = PBXFileReference; explicitFileType = wrapper.cfbundle; includeInIndex = 0; path = "CABaseAnimation-UseUITests.xctest"; sourceTree = BUILT_PRODUCTS_DIR; };
		D464FF0B1D22836600D03490 /* CABaseAnimation_UseUITests.m */ = {isa = PBXFileReference; lastKnownFileType = sourcecode.c.objc; path = CABaseAnimation_UseUITests.m; sourceTree = "<group>"; };
		D464FF0D1D22836600D03490 /* Info.plist */ = {isa = PBXFileReference; lastKnownFileType = text.plist.xml; path = Info.plist; sourceTree = "<group>"; };
		D464FF191D2283EB00D03490 /* CABaseAnimationController.h */ = {isa = PBXFileReference; fileEncoding = 4; lastKnownFileType = sourcecode.c.h; path = CABaseAnimationController.h; sourceTree = "<group>"; };
		D464FF1A1D2283EB00D03490 /* CABaseAnimationController.m */ = {isa = PBXFileReference; fileEncoding = 4; lastKnownFileType = sourcecode.c.objc; path = CABaseAnimationController.m; sourceTree = "<group>"; };
		D464FF1C1D2284C000D03490 /* PrefixHeader.pch */ = {isa = PBXFileReference; lastKnownFileType = sourcecode.c.h; path = PrefixHeader.pch; sourceTree = "<group>"; };
		D464FF1E1D22852400D03490 /* ALView+PureLayout.h */ = {isa = PBXFileReference; fileEncoding = 4; lastKnownFileType = sourcecode.c.h; path = "ALView+PureLayout.h"; sourceTree = "<group>"; };
		D464FF1F1D22852400D03490 /* ALView+PureLayout.m */ = {isa = PBXFileReference; fileEncoding = 4; lastKnownFileType = sourcecode.c.objc; path = "ALView+PureLayout.m"; sourceTree = "<group>"; };
		D464FF201D22852400D03490 /* NSArray+PureLayout.h */ = {isa = PBXFileReference; fileEncoding = 4; lastKnownFileType = sourcecode.c.h; path = "NSArray+PureLayout.h"; sourceTree = "<group>"; };
		D464FF211D22852400D03490 /* NSArray+PureLayout.m */ = {isa = PBXFileReference; fileEncoding = 4; lastKnownFileType = sourcecode.c.objc; path = "NSArray+PureLayout.m"; sourceTree = "<group>"; };
		D464FF221D22852400D03490 /* NSLayoutConstraint+PureLayout.h */ = {isa = PBXFileReference; fileEncoding = 4; lastKnownFileType = sourcecode.c.h; path = "NSLayoutConstraint+PureLayout.h"; sourceTree = "<group>"; };
		D464FF231D22852400D03490 /* NSLayoutConstraint+PureLayout.m */ = {isa = PBXFileReference; fileEncoding = 4; lastKnownFileType = sourcecode.c.objc; path = "NSLayoutConstraint+PureLayout.m"; sourceTree = "<group>"; };
		D464FF241D22852400D03490 /* PureLayout+Internal.h */ = {isa = PBXFileReference; fileEncoding = 4; lastKnownFileType = sourcecode.c.h; path = "PureLayout+Internal.h"; sourceTree = "<group>"; };
		D464FF251D22852400D03490 /* PureLayout.h */ = {isa = PBXFileReference; fileEncoding = 4; lastKnownFileType = sourcecode.c.h; path = PureLayout.h; sourceTree = "<group>"; };
		D464FF261D22852400D03490 /* PureLayoutDefines.h */ = {isa = PBXFileReference; fileEncoding = 4; lastKnownFileType = sourcecode.c.h; path = PureLayoutDefines.h; sourceTree = "<group>"; };
		D464FF2A1D22869800D03490 /* CABaseAnimationCell.h */ = {isa = PBXFileReference; fileEncoding = 4; lastKnownFileType = sourcecode.c.h; path = CABaseAnimationCell.h; sourceTree = "<group>"; };
		D464FF2B1D22869800D03490 /* CABaseAnimationCell.m */ = {isa = PBXFileReference; fileEncoding = 4; lastKnownFileType = sourcecode.c.objc; path = CABaseAnimationCell.m; sourceTree = "<group>"; };
		D464FF341D22885000D03490 /* MainAnimationController.h */ = {isa = PBXFileReference; fileEncoding = 4; lastKnownFileType = sourcecode.c.h; name = MainAnimationController.h; path = ../MainAnimationController.h; sourceTree = "<group>"; };
		D464FF351D22885000D03490 /* MainAnimationController.m */ = {isa = PBXFileReference; fileEncoding = 4; lastKnownFileType = sourcecode.c.objc; name = MainAnimationController.m; path = ../MainAnimationController.m; sourceTree = "<group>"; };
		D464FF3F1D22893800D03490 /* EnnProduceRightTop.h */ = {isa = PBXFileReference; fileEncoding = 4; lastKnownFileType = sourcecode.c.h; path = EnnProduceRightTop.h; sourceTree = "<group>"; };
		D464FF401D22893800D03490 /* EnnProduceRightTop.m */ = {isa = PBXFileReference; fileEncoding = 4; lastKnownFileType = sourcecode.c.objc; path = EnnProduceRightTop.m; sourceTree = "<group>"; };
		D464FF411D22893800D03490 /* EnnProductNewLeftBottom.h */ = {isa = PBXFileReference; fileEncoding = 4; lastKnownFileType = sourcecode.c.h; path = EnnProductNewLeftBottom.h; sourceTree = "<group>"; };
		D464FF421D22893800D03490 /* EnnProductNewLeftBottom.m */ = {isa = PBXFileReference; fileEncoding = 4; lastKnownFileType = sourcecode.c.objc; path = EnnProductNewLeftBottom.m; sourceTree = "<group>"; };
		D464FF431D22893800D03490 /* EnnProductNewLeftTopView.h */ = {isa = PBXFileReference; fileEncoding = 4; lastKnownFileType = sourcecode.c.h; path = EnnProductNewLeftTopView.h; sourceTree = "<group>"; };
		D464FF441D22893800D03490 /* EnnProductNewLeftTopView.m */ = {isa = PBXFileReference; fileEncoding = 4; lastKnownFileType = sourcecode.c.objc; path = EnnProductNewLeftTopView.m; sourceTree = "<group>"; };
		D464FF451D22893800D03490 /* EnnProductNewPointView.h */ = {isa = PBXFileReference; fileEncoding = 4; lastKnownFileType = sourcecode.c.h; path = EnnProductNewPointView.h; sourceTree = "<group>"; };
		D464FF461D22893800D03490 /* EnnProductNewPointView.m */ = {isa = PBXFileReference; fileEncoding = 4; lastKnownFileType = sourcecode.c.objc; path = EnnProductNewPointView.m; sourceTree = "<group>"; };
		D464FF471D22893800D03490 /* EnnproductNewRightBottom.h */ = {isa = PBXFileReference; fileEncoding = 4; lastKnownFileType = sourcecode.c.h; path = EnnproductNewRightBottom.h; sourceTree = "<group>"; };
		D464FF481D22893800D03490 /* EnnproductNewRightBottom.m */ = {isa = PBXFileReference; fileEncoding = 4; lastKnownFileType = sourcecode.c.objc; path = EnnproductNewRightBottom.m; sourceTree = "<group>"; };
		D464FF4F1D2289AC00D03490 /* AnimationLineTool.h */ = {isa = PBXFileReference; fileEncoding = 4; lastKnownFileType = sourcecode.c.h; path = AnimationLineTool.h; sourceTree = "<group>"; };
		D464FF501D2289AC00D03490 /* AnimationLineTool.m */ = {isa = PBXFileReference; fileEncoding = 4; lastKnownFileType = sourcecode.c.objc; path = AnimationLineTool.m; sourceTree = "<group>"; };
		D464FF511D2289AC00D03490 /* AnimationTool.h */ = {isa = PBXFileReference; fileEncoding = 4; lastKnownFileType = sourcecode.c.h; path = AnimationTool.h; sourceTree = "<group>"; };
		D464FF521D2289AC00D03490 /* AnimationTool.m */ = {isa = PBXFileReference; fileEncoding = 4; lastKnownFileType = sourcecode.c.objc; path = AnimationTool.m; sourceTree = "<group>"; };
		D4E836061D2396E700211279 /* circle@2x.png */ = {isa = PBXFileReference; lastKnownFileType = image.png; path = "circle@2x.png"; sourceTree = "<group>"; };
		D4E836071D2396E700211279 /* circle@3x.png */ = {isa = PBXFileReference; lastKnownFileType = image.png; path = "circle@3x.png"; sourceTree = "<group>"; };
		D4E836081D2396E700211279 /* icon_cret_star@2x.png */ = {isa = PBXFileReference; lastKnownFileType = image.png; path = "icon_cret_star@2x.png"; sourceTree = "<group>"; };
		D4E836091D2396E700211279 /* icon_cret_star@3x.png */ = {isa = PBXFileReference; lastKnownFileType = image.png; path = "icon_cret_star@3x.png"; sourceTree = "<group>"; };
		D4E8360A1D2396E700211279 /* icon_cret_star_dark@2x.png */ = {isa = PBXFileReference; lastKnownFileType = image.png; path = "icon_cret_star_dark@2x.png"; sourceTree = "<group>"; };
		D4E8360B1D2396E700211279 /* icon_cret_star_dark@3x.png */ = {isa = PBXFileReference; lastKnownFileType = image.png; path = "icon_cret_star_dark@3x.png"; sourceTree = "<group>"; };
		D4E8360C1D2396E700211279 /* movetab_1@2x.png */ = {isa = PBXFileReference; lastKnownFileType = image.png; path = "movetab_1@2x.png"; sourceTree = "<group>"; };
		D4E8360D1D2396E700211279 /* movetab_1@3x.png */ = {isa = PBXFileReference; lastKnownFileType = image.png; path = "movetab_1@3x.png"; sourceTree = "<group>"; };
		D4E8360E1D2396E700211279 /* movetab_2@2x.png */ = {isa = PBXFileReference; lastKnownFileType = image.png; path = "movetab_2@2x.png"; sourceTree = "<group>"; };
		D4E8360F1D2396E700211279 /* movetab_2@3x.png */ = {isa = PBXFileReference; lastKnownFileType = image.png; path = "movetab_2@3x.png"; sourceTree = "<group>"; };
		D4E836111D2396E700211279 /* flash1@2x.png */ = {isa = PBXFileReference; lastKnownFileType = image.png; path = "flash1@2x.png"; sourceTree = "<group>"; };
		D4E836121D2396E700211279 /* flash1@3x.png */ = {isa = PBXFileReference; lastKnownFileType = image.png; path = "flash1@3x.png"; sourceTree = "<group>"; };
		D4E836131D2396E700211279 /* flash2@2x.png */ = {isa = PBXFileReference; lastKnownFileType = image.png; path = "flash2@2x.png"; sourceTree = "<group>"; };
		D4E836141D2396E700211279 /* flash2@3x.png */ = {isa = PBXFileReference; lastKnownFileType = image.png; path = "flash2@3x.png"; sourceTree = "<group>"; };
		D4E836151D2396E700211279 /* flash3@2x.png */ = {isa = PBXFileReference; lastKnownFileType = image.png; path = "flash3@2x.png"; sourceTree = "<group>"; };
		D4E836161D2396E700211279 /* flash3@3x.png */ = {isa = PBXFileReference; lastKnownFileType = image.png; path = "flash3@3x.png"; sourceTree = "<group>"; };
		D4E836171D2396E700211279 /* flash4@2x.png */ = {isa = PBXFileReference; lastKnownFileType = image.png; path = "flash4@2x.png"; sourceTree = "<group>"; };
		D4E836181D2396E700211279 /* flash4@3x.png */ = {isa = PBXFileReference; lastKnownFileType = image.png; path = "flash4@3x.png"; sourceTree = "<group>"; };
		D4E836191D2396E700211279 /* flash5@2x.png */ = {isa = PBXFileReference; lastKnownFileType = image.png; path = "flash5@2x.png"; sourceTree = "<group>"; };
		D4E8361A1D2396E700211279 /* flash5@3x.png */ = {isa = PBXFileReference; lastKnownFileType = image.png; path = "flash5@3x.png"; sourceTree = "<group>"; };
		D4E8361B1D2396E700211279 /* flash6@2x.png */ = {isa = PBXFileReference; lastKnownFileType = image.png; path = "flash6@2x.png"; sourceTree = "<group>"; };
		D4E8361C1D2396E700211279 /* flash6@3x.png */ = {isa = PBXFileReference; lastKnownFileType = image.png; path = "flash6@3x.png"; sourceTree = "<group>"; };
		D4E836341D23A04500211279 /* TwinkAnimationController.h */ = {isa = PBXFileReference; fileEncoding = 4; lastKnownFileType = sourcecode.c.h; path = TwinkAnimationController.h; sourceTree = "<group>"; };
		D4E836351D23A04500211279 /* TwinkAnimationController.m */ = {isa = PBXFileReference; fileEncoding = 4; lastKnownFileType = sourcecode.c.objc; path = TwinkAnimationController.m; sourceTree = "<group>"; };
		D4E836381D23A4B100211279 /* MoveAnimationController.h */ = {isa = PBXFileReference; fileEncoding = 4; lastKnownFileType = sourcecode.c.h; path = MoveAnimationController.h; sourceTree = "<group>"; };
		D4E836391D23A4B100211279 /* MoveAnimationController.m */ = {isa = PBXFileReference; fileEncoding = 4; lastKnownFileType = sourcecode.c.objc; path = MoveAnimationController.m; sourceTree = "<group>"; };
		D4E8363C1D23A5D400211279 /* ScaleAnimationController.h */ = {isa = PBXFileReference; fileEncoding = 4; lastKnownFileType = sourcecode.c.h; path = ScaleAnimationController.h; sourceTree = "<group>"; };
		D4E8363D1D23A5D400211279 /* ScaleAnimationController.m */ = {isa = PBXFileReference; fileEncoding = 4; lastKnownFileType = sourcecode.c.objc; path = ScaleAnimationController.m; sourceTree = "<group>"; };
		D4E836401D23A8A500211279 /* MoveAndTransfromAnimationController.h */ = {isa = PBXFileReference; fileEncoding = 4; lastKnownFileType = sourcecode.c.h; path = MoveAndTransfromAnimationController.h; sourceTree = "<group>"; };
		D4E836411D23A8A500211279 /* MoveAndTransfromAnimationController.m */ = {isa = PBXFileReference; fileEncoding = 4; lastKnownFileType = sourcecode.c.objc; path = MoveAndTransfromAnimationController.m; sourceTree = "<group>"; };
		D4E836481D23AA2E00211279 /* LineAnimationController.h */ = {isa = PBXFileReference; fileEncoding = 4; lastKnownFileType = sourcecode.c.h; path = LineAnimationController.h; sourceTree = "<group>"; };
		D4E836491D23AA2E00211279 /* LineAnimationController.m */ = {isa = PBXFileReference; fileEncoding = 4; lastKnownFileType = sourcecode.c.objc; path = LineAnimationController.m; sourceTree = "<group>"; };
		D4E8364B1D23AA4300211279 /* LineView.h */ = {isa = PBXFileReference; fileEncoding = 4; lastKnownFileType = sourcecode.c.h; path = LineView.h; sourceTree = "<group>"; };
		D4E8364C1D23AA4300211279 /* LineView.m */ = {isa = PBXFileReference; fileEncoding = 4; lastKnownFileType = sourcecode.c.objc; path = LineView.m; sourceTree = "<group>"; };
		D4E8364F1D23AF2900211279 /* AppDelegate.h */ = {isa = PBXFileReference; fileEncoding = 4; lastKnownFileType = sourcecode.c.h; path = AppDelegate.h; sourceTree = "<group>"; };
		D4E836501D23AF2900211279 /* AppDelegate.m */ = {isa = PBXFileReference; fileEncoding = 4; lastKnownFileType = sourcecode.c.objc; path = AppDelegate.m; sourceTree = "<group>"; };
		D4E836511D23AF2900211279 /* ViewController.h */ = {isa = PBXFileReference; fileEncoding = 4; lastKnownFileType = sourcecode.c.h; path = ViewController.h; sourceTree = "<group>"; };
		D4E836521D23AF2900211279 /* ViewController.m */ = {isa = PBXFileReference; fileEncoding = 4; lastKnownFileType = sourcecode.c.objc; path = ViewController.m; sourceTree = "<group>"; };
/* End PBXFileReference section */

/* Begin PBXFrameworksBuildPhase section */
		D464FEE01D22836600D03490 /* Frameworks */ = {
			isa = PBXFrameworksBuildPhase;
			buildActionMask = 2147483647;
			files = (
			);
			runOnlyForDeploymentPostprocessing = 0;
		};
		D464FEF91D22836600D03490 /* Frameworks */ = {
			isa = PBXFrameworksBuildPhase;
			buildActionMask = 2147483647;
			files = (
			);
			runOnlyForDeploymentPostprocessing = 0;
		};
		D464FF041D22836600D03490 /* Frameworks */ = {
			isa = PBXFrameworksBuildPhase;
			buildActionMask = 2147483647;
			files = (
			);
			runOnlyForDeploymentPostprocessing = 0;
		};
/* End PBXFrameworksBuildPhase section */

/* Begin PBXGroup section */
		D464FEDA1D22836600D03490 = {
			isa = PBXGroup;
			children = (
				D464FEE51D22836600D03490 /* CABaseAnimation-Use */,
				D464FEFF1D22836600D03490 /* CABaseAnimation-UseTests */,
				D464FF0A1D22836600D03490 /* CABaseAnimation-UseUITests */,
				D464FEE41D22836600D03490 /* Products */,
			);
			sourceTree = "<group>";
		};
		D464FEE41D22836600D03490 /* Products */ = {
			isa = PBXGroup;
			children = (
				D464FEE31D22836600D03490 /* CABaseAnimation-Use.app */,
				D464FEFC1D22836600D03490 /* CABaseAnimation-UseTests.xctest */,
				D464FF071D22836600D03490 /* CABaseAnimation-UseUITests.xctest */,
			);
			name = Products;
			sourceTree = "<group>";
		};
		D464FEE51D22836600D03490 /* CABaseAnimation-Use */ = {
			isa = PBXGroup;
			children = (
				D4E836041D2396E700211279 /* Resourse */,
				D464FF1D1D22852400D03490 /* PureLayout */,
				D464FF191D2283EB00D03490 /* CABaseAnimationController.h */,
				D464FF1A1D2283EB00D03490 /* CABaseAnimationController.m */,
				D464FF2A1D22869800D03490 /* CABaseAnimationCell.h */,
				D464FF2B1D22869800D03490 /* CABaseAnimationCell.m */,
				D464FF3E1D22893800D03490 /* 主动画 */,
				D4E836331D23A01E00211279 /* 闪烁 */,
				D4E836371D23A49D00211279 /* 移动 */,
				D4E8363B1D23A5C000211279 /* 缩放旋转 */,
				D4E8363F1D23A88A00211279 /* 组合动画 */,
				D4E836471D23AA2200211279 /* 线的运动轨迹 */,
				D464FF4E1D2289AC00D03490 /* 动画类 */,
				D464FF1C1D2284C000D03490 /* PrefixHeader.pch */,
				D4E8364E1D23AF2900211279 /* Other */,
				D464FEEF1D22836600D03490 /* Main.storyboard */,
				D464FEF21D22836600D03490 /* Assets.xcassets */,
				D464FEF41D22836600D03490 /* LaunchScreen.storyboard */,
				D464FEF71D22836600D03490 /* Info.plist */,
				D464FEE61D22836600D03490 /* Supporting Files */,
			);
			path = "CABaseAnimation-Use";
			sourceTree = "<group>";
		};
		D464FEE61D22836600D03490 /* Supporting Files */ = {
			isa = PBXGroup;
			children = (
				D464FEE71D22836600D03490 /* main.m */,
			);
			name = "Supporting Files";
			sourceTree = "<group>";
		};
		D464FEFF1D22836600D03490 /* CABaseAnimation-UseTests */ = {
			isa = PBXGroup;
			children = (
				D464FF001D22836600D03490 /* CABaseAnimation_UseTests.m */,
				D464FF021D22836600D03490 /* Info.plist */,
			);
			path = "CABaseAnimation-UseTests";
			sourceTree = "<group>";
		};
		D464FF0A1D22836600D03490 /* CABaseAnimation-UseUITests */ = {
			isa = PBXGroup;
			children = (
				D464FF0B1D22836600D03490 /* CABaseAnimation_UseUITests.m */,
				D464FF0D1D22836600D03490 /* Info.plist */,
			);
			path = "CABaseAnimation-UseUITests";
			sourceTree = "<group>";
		};
		D464FF1D1D22852400D03490 /* PureLayout */ = {
			isa = PBXGroup;
			children = (
				D464FF1E1D22852400D03490 /* ALView+PureLayout.h */,
				D464FF1F1D22852400D03490 /* ALView+PureLayout.m */,
				D464FF201D22852400D03490 /* NSArray+PureLayout.h */,
				D464FF211D22852400D03490 /* NSArray+PureLayout.m */,
				D464FF221D22852400D03490 /* NSLayoutConstraint+PureLayout.h */,
				D464FF231D22852400D03490 /* NSLayoutConstraint+PureLayout.m */,
				D464FF241D22852400D03490 /* PureLayout+Internal.h */,
				D464FF251D22852400D03490 /* PureLayout.h */,
				D464FF261D22852400D03490 /* PureLayoutDefines.h */,
			);
			path = PureLayout;
			sourceTree = "<group>";
		};
		D464FF3E1D22893800D03490 /* 主动画 */ = {
			isa = PBXGroup;
			children = (
				D464FF341D22885000D03490 /* MainAnimationController.h */,
				D464FF351D22885000D03490 /* MainAnimationController.m */,
				D464FF451D22893800D03490 /* EnnProductNewPointView.h */,
				D464FF461D22893800D03490 /* EnnProductNewPointView.m */,
				D464FF3F1D22893800D03490 /* EnnProduceRightTop.h */,
				D464FF401D22893800D03490 /* EnnProduceRightTop.m */,
				D464FF411D22893800D03490 /* EnnProductNewLeftBottom.h */,
				D464FF421D22893800D03490 /* EnnProductNewLeftBottom.m */,
				D464FF431D22893800D03490 /* EnnProductNewLeftTopView.h */,
				D464FF441D22893800D03490 /* EnnProductNewLeftTopView.m */,
				D464FF471D22893800D03490 /* EnnproductNewRightBottom.h */,
				D464FF481D22893800D03490 /* EnnproductNewRightBottom.m */,
			);
			path = "主动画";
			sourceTree = "<group>";
		};
		D464FF4E1D2289AC00D03490 /* 动画类 */ = {
			isa = PBXGroup;
			children = (
				D464FF4F1D2289AC00D03490 /* AnimationLineTool.h */,
				D464FF501D2289AC00D03490 /* AnimationLineTool.m */,
				D464FF511D2289AC00D03490 /* AnimationTool.h */,
				D464FF521D2289AC00D03490 /* AnimationTool.m */,
			);
			path = "动画类";
			sourceTree = "<group>";
		};
		D4E836041D2396E700211279 /* Resourse */ = {
			isa = PBXGroup;
			children = (
				D4E836051D2396E700211279 /* 动态_切图 */,
			);
			path = Resourse;
			sourceTree = "<group>";
		};
		D4E836051D2396E700211279 /* 动态_切图 */ = {
			isa = PBXGroup;
			children = (
				D4E836061D2396E700211279 /* circle@2x.png */,
				D4E836071D2396E700211279 /* circle@3x.png */,
				D4E836081D2396E700211279 /* icon_cret_star@2x.png */,
				D4E836091D2396E700211279 /* icon_cret_star@3x.png */,
				D4E8360A1D2396E700211279 /* icon_cret_star_dark@2x.png */,
				D4E8360B1D2396E700211279 /* icon_cret_star_dark@3x.png */,
				D4E8360C1D2396E700211279 /* movetab_1@2x.png */,
				D4E8360D1D2396E700211279 /* movetab_1@3x.png */,
				D4E8360E1D2396E700211279 /* movetab_2@2x.png */,
				D4E8360F1D2396E700211279 /* movetab_2@3x.png */,
				D4E836101D2396E700211279 /* 闪_序列 */,
			);
			path = "动态_切图";
			sourceTree = "<group>";
		};
		D4E836101D2396E700211279 /* 闪_序列 */ = {
			isa = PBXGroup;
			children = (
				D4E836111D2396E700211279 /* flash1@2x.png */,
				D4E836121D2396E700211279 /* flash1@3x.png */,
				D4E836131D2396E700211279 /* flash2@2x.png */,
				D4E836141D2396E700211279 /* flash2@3x.png */,
				D4E836151D2396E700211279 /* flash3@2x.png */,
				D4E836161D2396E700211279 /* flash3@3x.png */,
				D4E836171D2396E700211279 /* flash4@2x.png */,
				D4E836181D2396E700211279 /* flash4@3x.png */,
				D4E836191D2396E700211279 /* flash5@2x.png */,
				D4E8361A1D2396E700211279 /* flash5@3x.png */,
				D4E8361B1D2396E700211279 /* flash6@2x.png */,
				D4E8361C1D2396E700211279 /* flash6@3x.png */,
			);
			path = "闪_序列";
			sourceTree = "<group>";
		};
		D4E836331D23A01E00211279 /* 闪烁 */ = {
			isa = PBXGroup;
			children = (
				D4E836341D23A04500211279 /* TwinkAnimationController.h */,
				D4E836351D23A04500211279 /* TwinkAnimationController.m */,
			);
			path = "闪烁";
			sourceTree = "<group>";
		};
		D4E836371D23A49D00211279 /* 移动 */ = {
			isa = PBXGroup;
			children = (
				D4E836381D23A4B100211279 /* MoveAnimationController.h */,
				D4E836391D23A4B100211279 /* MoveAnimationController.m */,
			);
			path = "移动";
			sourceTree = "<group>";
		};
		D4E8363B1D23A5C000211279 /* 缩放旋转 */ = {
			isa = PBXGroup;
			children = (
				D4E8363C1D23A5D400211279 /* ScaleAnimationController.h */,
				D4E8363D1D23A5D400211279 /* ScaleAnimationController.m */,
			);
			name = "缩放旋转";
			path = "缩放";
			sourceTree = "<group>";
		};
		D4E8363F1D23A88A00211279 /* 组合动画 */ = {
			isa = PBXGroup;
			children = (
				D4E836401D23A8A500211279 /* MoveAndTransfromAnimationController.h */,
				D4E836411D23A8A500211279 /* MoveAndTransfromAnimationController.m */,
			);
			path = "组合动画";
			sourceTree = "<group>";
		};
		D4E836471D23AA2200211279 /* 线的运动轨迹 */ = {
			isa = PBXGroup;
			children = (
				D4E836481D23AA2E00211279 /* LineAnimationController.h */,
				D4E836491D23AA2E00211279 /* LineAnimationController.m */,
				D4E8364B1D23AA4300211279 /* LineView.h */,
				D4E8364C1D23AA4300211279 /* LineView.m */,
			);
			path = "线的运动轨迹";
			sourceTree = "<group>";
		};
		D4E8364E1D23AF2900211279 /* Other */ = {
			isa = PBXGroup;
			children = (
				D4E8364F1D23AF2900211279 /* AppDelegate.h */,
				D4E836501D23AF2900211279 /* AppDelegate.m */,
				D4E836511D23AF2900211279 /* ViewController.h */,
				D4E836521D23AF2900211279 /* ViewController.m */,
			);
			path = Other;
			sourceTree = "<group>";
		};
/* End PBXGroup section */

/* Begin PBXNativeTarget section */
		D464FEE21D22836600D03490 /* CABaseAnimation-Use */ = {
			isa = PBXNativeTarget;
			buildConfigurationList = D464FF101D22836600D03490 /* Build configuration list for PBXNativeTarget "CABaseAnimation-Use" */;
			buildPhases = (
				D464FEDF1D22836600D03490 /* Sources */,
				D464FEE01D22836600D03490 /* Frameworks */,
				D464FEE11D22836600D03490 /* Resources */,
			);
			buildRules = (
			);
			dependencies = (
			);
			name = "CABaseAnimation-Use";
			productName = "CABaseAnimation-Use";
			productReference = D464FEE31D22836600D03490 /* CABaseAnimation-Use.app */;
			productType = "com.apple.product-type.application";
		};
		D464FEFB1D22836600D03490 /* CABaseAnimation-UseTests */ = {
			isa = PBXNativeTarget;
			buildConfigurationList = D464FF131D22836600D03490 /* Build configuration list for PBXNativeTarget "CABaseAnimation-UseTests" */;
			buildPhases = (
				D464FEF81D22836600D03490 /* Sources */,
				D464FEF91D22836600D03490 /* Frameworks */,
				D464FEFA1D22836600D03490 /* Resources */,
			);
			buildRules = (
			);
			dependencies = (
				D464FEFE1D22836600D03490 /* PBXTargetDependency */,
			);
			name = "CABaseAnimation-UseTests";
			productName = "CABaseAnimation-UseTests";
			productReference = D464FEFC1D22836600D03490 /* CABaseAnimation-UseTests.xctest */;
			productType = "com.apple.product-type.bundle.unit-test";
		};
		D464FF061D22836600D03490 /* CABaseAnimation-UseUITests */ = {
			isa = PBXNativeTarget;
			buildConfigurationList = D464FF161D22836600D03490 /* Build configuration list for PBXNativeTarget "CABaseAnimation-UseUITests" */;
			buildPhases = (
				D464FF031D22836600D03490 /* Sources */,
				D464FF041D22836600D03490 /* Frameworks */,
				D464FF051D22836600D03490 /* Resources */,
			);
			buildRules = (
			);
			dependencies = (
				D464FF091D22836600D03490 /* PBXTargetDependency */,
			);
			name = "CABaseAnimation-UseUITests";
			productName = "CABaseAnimation-UseUITests";
			productReference = D464FF071D22836600D03490 /* CABaseAnimation-UseUITests.xctest */;
			productType = "com.apple.product-type.bundle.ui-testing";
		};
/* End PBXNativeTarget section */

/* Begin PBXProject section */
		D464FEDB1D22836600D03490 /* Project object */ = {
			isa = PBXProject;
			attributes = {
				LastUpgradeCheck = 0720;
				ORGANIZATIONNAME = enniu;
				TargetAttributes = {
					D464FEE21D22836600D03490 = {
						CreatedOnToolsVersion = 7.2.1;
						DevelopmentTeam = G6DN2JQ3AE;
					};
					D464FEFB1D22836600D03490 = {
						CreatedOnToolsVersion = 7.2.1;
						DevelopmentTeam = G6DN2JQ3AE;
						TestTargetID = D464FEE21D22836600D03490;
					};
					D464FF061D22836600D03490 = {
						CreatedOnToolsVersion = 7.2.1;
						DevelopmentTeam = G6DN2JQ3AE;
						TestTargetID = D464FEE21D22836600D03490;
					};
				};
			};
			buildConfigurationList = D464FEDE1D22836600D03490 /* Build configuration list for PBXProject "CABaseAnimation-Use" */;
			compatibilityVersion = "Xcode 3.2";
			developmentRegion = English;
			hasScannedForEncodings = 0;
			knownRegions = (
				en,
				Base,
			);
			mainGroup = D464FEDA1D22836600D03490;
			productRefGroup = D464FEE41D22836600D03490 /* Products */;
			projectDirPath = "";
			projectRoot = "";
			targets = (
				D464FEE21D22836600D03490 /* CABaseAnimation-Use */,
				D464FEFB1D22836600D03490 /* CABaseAnimation-UseTests */,
				D464FF061D22836600D03490 /* CABaseAnimation-UseUITests */,
			);
		};
/* End PBXProject section */

/* Begin PBXResourcesBuildPhase section */
		D464FEE11D22836600D03490 /* Resources */ = {
			isa = PBXResourcesBuildPhase;
			buildActionMask = 2147483647;
			files = (
				D4E836281D2396E700211279 /* flash1@3x.png in Resources */,
				D4E8362F1D2396E700211279 /* flash5@2x.png in Resources */,
				D4E8362E1D2396E700211279 /* flash4@3x.png in Resources */,
				D4E836251D2396E700211279 /* movetab_2@2x.png in Resources */,
				D4E8361D1D2396E700211279 /* circle@2x.png in Resources */,
				D4E8362A1D2396E700211279 /* flash2@3x.png in Resources */,
				D4E836311D2396E700211279 /* flash6@2x.png in Resources */,
				D4E836221D2396E700211279 /* icon_cret_star_dark@3x.png in Resources */,
				D4E8362C1D2396E700211279 /* flash3@3x.png in Resources */,
				D4E836271D2396E700211279 /* flash1@2x.png in Resources */,
				D4E8361E1D2396E700211279 /* circle@3x.png in Resources */,
				D4E8362D1D2396E700211279 /* flash4@2x.png in Resources */,
				D4E836301D2396E700211279 /* flash5@3x.png in Resources */,
				D4E836231D2396E700211279 /* movetab_1@2x.png in Resources */,
				D464FEF61D22836600D03490 /* LaunchScreen.storyboard in Resources */,
				D464FEF31D22836600D03490 /* Assets.xcassets in Resources */,
				D4E836201D2396E700211279 /* icon_cret_star@3x.png in Resources */,
				D4E8362B1D2396E700211279 /* flash3@2x.png in Resources */,
				D4E836291D2396E700211279 /* flash2@2x.png in Resources */,
				D4E836241D2396E700211279 /* movetab_1@3x.png in Resources */,
				D4E836261D2396E700211279 /* movetab_2@3x.png in Resources */,
				D464FEF11D22836600D03490 /* Main.storyboard in Resources */,
				D4E836321D2396E700211279 /* flash6@3x.png in Resources */,
				D4E8361F1D2396E700211279 /* icon_cret_star@2x.png in Resources */,
				D4E836211D2396E700211279 /* icon_cret_star_dark@2x.png in Resources */,
			);
			runOnlyForDeploymentPostprocessing = 0;
		};
		D464FEFA1D22836600D03490 /* Resources */ = {
			isa = PBXResourcesBuildPhase;
			buildActionMask = 2147483647;
			files = (
			);
			runOnlyForDeploymentPostprocessing = 0;
		};
		D464FF051D22836600D03490 /* Resources */ = {
			isa = PBXResourcesBuildPhase;
			buildActionMask = 2147483647;
			files = (
			);
			runOnlyForDeploymentPostprocessing = 0;
		};
/* End PBXResourcesBuildPhase section */

/* Begin PBXSourcesBuildPhase section */
		D464FEDF1D22836600D03490 /* Sources */ = {
			isa = PBXSourcesBuildPhase;
			buildActionMask = 2147483647;
			files = (
				D464FF291D22852400D03490 /* NSLayoutConstraint+PureLayout.m in Sources */,
				D464FF1B1D2283EB00D03490 /* CABaseAnimationController.m in Sources */,
				D464FF491D22893800D03490 /* EnnProduceRightTop.m in Sources */,
				D464FF4D1D22893800D03490 /* EnnproductNewRightBottom.m in Sources */,
				D464FF4A1D22893800D03490 /* EnnProductNewLeftBottom.m in Sources */,
				D4E836421D23A8A500211279 /* MoveAndTransfromAnimationController.m in Sources */,
				D464FF271D22852400D03490 /* ALView+PureLayout.m in Sources */,
				D464FF541D2289AC00D03490 /* AnimationTool.m in Sources */,
				D4E8364D1D23AA4300211279 /* LineView.m in Sources */,
				D4E8363E1D23A5D400211279 /* ScaleAnimationController.m in Sources */,
				D464FF4C1D22893800D03490 /* EnnProductNewPointView.m in Sources */,
				D464FF361D22885000D03490 /* MainAnimationController.m in Sources */,
				D464FF281D22852400D03490 /* NSArray+PureLayout.m in Sources */,
				D4E836361D23A04500211279 /* TwinkAnimationController.m in Sources */,
				D4E8363A1D23A4B100211279 /* MoveAnimationController.m in Sources */,
				D464FEE81D22836600D03490 /* main.m in Sources */,
				D4E836541D23AF2900211279 /* ViewController.m in Sources */,
				D464FF4B1D22893800D03490 /* EnnProductNewLeftTopView.m in Sources */,
				D464FF2C1D22869800D03490 /* CABaseAnimationCell.m in Sources */,
				D464FF531D2289AC00D03490 /* AnimationLineTool.m in Sources */,
				D4E8364A1D23AA2E00211279 /* LineAnimationController.m in Sources */,
				D4E836531D23AF2900211279 /* AppDelegate.m in Sources */,
			);
			runOnlyForDeploymentPostprocessing = 0;
		};
		D464FEF81D22836600D03490 /* Sources */ = {
			isa = PBXSourcesBuildPhase;
			buildActionMask = 2147483647;
			files = (
				D464FF011D22836600D03490 /* CABaseAnimation_UseTests.m in Sources */,
			);
			runOnlyForDeploymentPostprocessing = 0;
		};
		D464FF031D22836600D03490 /* Sources */ = {
			isa = PBXSourcesBuildPhase;
			buildActionMask = 2147483647;
			files = (
				D464FF0C1D22836600D03490 /* CABaseAnimation_UseUITests.m in Sources */,
			);
			runOnlyForDeploymentPostprocessing = 0;
		};
/* End PBXSourcesBuildPhase section */

/* Begin PBXTargetDependency section */
		D464FEFE1D22836600D03490 /* PBXTargetDependency */ = {
			isa = PBXTargetDependency;
			target = D464FEE21D22836600D03490 /* CABaseAnimation-Use */;
			targetProxy = D464FEFD1D22836600D03490 /* PBXContainerItemProxy */;
		};
		D464FF091D22836600D03490 /* PBXTargetDependency */ = {
			isa = PBXTargetDependency;
			target = D464FEE21D22836600D03490 /* CABaseAnimation-Use */;
			targetProxy = D464FF081D22836600D03490 /* PBXContainerItemProxy */;
		};
/* End PBXTargetDependency section */

/* Begin PBXVariantGroup section */
		D464FEEF1D22836600D03490 /* Main.storyboard */ = {
			isa = PBXVariantGroup;
			children = (
				D464FEF01D22836600D03490 /* Base */,
			);
			name = Main.storyboard;
			sourceTree = "<group>";
		};
		D464FEF41D22836600D03490 /* LaunchScreen.storyboard */ = {
			isa = PBXVariantGroup;
			children = (
				D464FEF51D22836600D03490 /* Base */,
			);
			name = LaunchScreen.storyboard;
			sourceTree = "<group>";
		};
/* End PBXVariantGroup section */

/* Begin XCBuildConfiguration section */
		D464FF0E1D22836600D03490 /* Debug */ = {
			isa = XCBuildConfiguration;
			buildSettings = {
				ALWAYS_SEARCH_USER_PATHS = NO;
				CLANG_CXX_LANGUAGE_STANDARD = "gnu++0x";
				CLANG_CXX_LIBRARY = "libc++";
				CLANG_ENABLE_MODULES = YES;
				CLANG_ENABLE_OBJC_ARC = YES;
				CLANG_WARN_BOOL_CONVERSION = YES;
				CLANG_WARN_CONSTANT_CONVERSION = YES;
				CLANG_WARN_DIRECT_OBJC_ISA_USAGE = YES_ERROR;
				CLANG_WARN_EMPTY_BODY = YES;
				CLANG_WARN_ENUM_CONVERSION = YES;
				CLANG_WARN_INT_CONVERSION = YES;
				CLANG_WARN_OBJC_ROOT_CLASS = YES_ERROR;
				CLANG_WARN_UNREACHABLE_CODE = YES;
				CLANG_WARN__DUPLICATE_METHOD_MATCH = YES;
				"CODE_SIGN_IDENTITY[sdk=iphoneos*]" = "iPhone Developer";
				COPY_PHASE_STRIP = NO;
				DEBUG_INFORMATION_FORMAT = dwarf;
				ENABLE_STRICT_OBJC_MSGSEND = YES;
				ENABLE_TESTABILITY = YES;
				GCC_C_LANGUAGE_STANDARD = gnu99;
				GCC_DYNAMIC_NO_PIC = NO;
				GCC_NO_COMMON_BLOCKS = YES;
				GCC_OPTIMIZATION_LEVEL = 0;
				GCC_PREPROCESSOR_DEFINITIONS = (
					"DEBUG=1",
					"$(inherited)",
				);
				GCC_WARN_64_TO_32_BIT_CONVERSION = YES;
				GCC_WARN_ABOUT_RETURN_TYPE = YES_ERROR;
				GCC_WARN_UNDECLARED_SELECTOR = YES;
				GCC_WARN_UNINITIALIZED_AUTOS = YES_AGGRESSIVE;
				GCC_WARN_UNUSED_FUNCTION = YES;
				GCC_WARN_UNUSED_VARIABLE = YES;
				IPHONEOS_DEPLOYMENT_TARGET = 9.2;
				MTL_ENABLE_DEBUG_INFO = YES;
				ONLY_ACTIVE_ARCH = YES;
				SDKROOT = iphoneos;
			};
			name = Debug;
		};
		D464FF0F1D22836600D03490 /* Release */ = {
			isa = XCBuildConfiguration;
			buildSettings = {
				ALWAYS_SEARCH_USER_PATHS = NO;
				CLANG_CXX_LANGUAGE_STANDARD = "gnu++0x";
				CLANG_CXX_LIBRARY = "libc++";
				CLANG_ENABLE_MODULES = YES;
				CLANG_ENABLE_OBJC_ARC = YES;
				CLANG_WARN_BOOL_CONVERSION = YES;
				CLANG_WARN_CONSTANT_CONVERSION = YES;
				CLANG_WARN_DIRECT_OBJC_ISA_USAGE = YES_ERROR;
				CLANG_WARN_EMPTY_BODY = YES;
				CLANG_WARN_ENUM_CONVERSION = YES;
				CLANG_WARN_INT_CONVERSION = YES;
				CLANG_WARN_OBJC_ROOT_CLASS = YES_ERROR;
				CLANG_WARN_UNREACHABLE_CODE = YES;
				CLANG_WARN__DUPLICATE_METHOD_MATCH = YES;
				"CODE_SIGN_IDENTITY[sdk=iphoneos*]" = "iPhone Developer";
				COPY_PHASE_STRIP = NO;
				DEBUG_INFORMATION_FORMAT = "dwarf-with-dsym";
				ENABLE_NS_ASSERTIONS = NO;
				ENABLE_STRICT_OBJC_MSGSEND = YES;
				GCC_C_LANGUAGE_STANDARD = gnu99;
				GCC_NO_COMMON_BLOCKS = YES;
				GCC_WARN_64_TO_32_BIT_CONVERSION = YES;
				GCC_WARN_ABOUT_RETURN_TYPE = YES_ERROR;
				GCC_WARN_UNDECLARED_SELECTOR = YES;
				GCC_WARN_UNINITIALIZED_AUTOS = YES_AGGRESSIVE;
				GCC_WARN_UNUSED_FUNCTION = YES;
				GCC_WARN_UNUSED_VARIABLE = YES;
				IPHONEOS_DEPLOYMENT_TARGET = 9.2;
				MTL_ENABLE_DEBUG_INFO = NO;
				SDKROOT = iphoneos;
				VALIDATE_PRODUCT = YES;
			};
			name = Release;
		};
		D464FF111D22836600D03490 /* Debug */ = {
			isa = XCBuildConfiguration;
			buildSettings = {
				ASSETCATALOG_COMPILER_APPICON_NAME = AppIcon;
				GCC_PREFIX_HEADER = "/Users/enniu/Desktop/CABaseAnimation-Use/CABaseAnimation-Use/PrefixHeader.pch";
				INFOPLIST_FILE = "CABaseAnimation-Use/Info.plist";
				LD_RUNPATH_SEARCH_PATHS = "$(inherited) @executable_path/Frameworks";
				PRODUCT_BUNDLE_IDENTIFIER = "gdw.CABaseAnimation-Use";
				PRODUCT_NAME = "$(TARGET_NAME)";
			};
			name = Debug;
		};
		D464FF121D22836600D03490 /* Release */ = {
			isa = XCBuildConfiguration;
			buildSettings = {
				ASSETCATALOG_COMPILER_APPICON_NAME = AppIcon;
				GCC_PREFIX_HEADER = "/Users/enniu/Desktop/CABaseAnimation-Use/CABaseAnimation-Use/PrefixHeader.pch";
				INFOPLIST_FILE = "CABaseAnimation-Use/Info.plist";
				LD_RUNPATH_SEARCH_PATHS = "$(inherited) @executable_path/Frameworks";
				PRODUCT_BUNDLE_IDENTIFIER = "gdw.CABaseAnimation-Use";
				PRODUCT_NAME = "$(TARGET_NAME)";
			};
			name = Release;
		};
		D464FF141D22836600D03490 /* Debug */ = {
			isa = XCBuildConfiguration;
			buildSettings = {
				BUNDLE_LOADER = "$(TEST_HOST)";
				INFOPLIST_FILE = "CABaseAnimation-UseTests/Info.plist";
				LD_RUNPATH_SEARCH_PATHS = "$(inherited) @executable_path/Frameworks @loader_path/Frameworks";
				PRODUCT_BUNDLE_IDENTIFIER = "gdw.CABaseAnimation-UseTests";
				PRODUCT_NAME = "$(TARGET_NAME)";
				TEST_HOST = "$(BUILT_PRODUCTS_DIR)/CABaseAnimation-Use.app/CABaseAnimation-Use";
			};
			name = Debug;
		};
		D464FF151D22836600D03490 /* Release */ = {
			isa = XCBuildConfiguration;
			buildSettings = {
				BUNDLE_LOADER = "$(TEST_HOST)";
				INFOPLIST_FILE = "CABaseAnimation-UseTests/Info.plist";
				LD_RUNPATH_SEARCH_PATHS = "$(inherited) @executable_path/Frameworks @loader_path/Frameworks";
				PRODUCT_BUNDLE_IDENTIFIER = "gdw.CABaseAnimation-UseTests";
				PRODUCT_NAME = "$(TARGET_NAME)";
				TEST_HOST = "$(BUILT_PRODUCTS_DIR)/CABaseAnimation-Use.app/CABaseAnimation-Use";
			};
			name = Release;
		};
		D464FF171D22836600D03490 /* Debug */ = {
			isa = XCBuildConfiguration;
			buildSettings = {
				INFOPLIST_FILE = "CABaseAnimation-UseUITests/Info.plist";
				LD_RUNPATH_SEARCH_PATHS = "$(inherited) @executable_path/Frameworks @loader_path/Frameworks";
				PRODUCT_BUNDLE_IDENTIFIER = "gdw.CABaseAnimation-UseUITests";
				PRODUCT_NAME = "$(TARGET_NAME)";
				TEST_TARGET_NAME = "CABaseAnimation-Use";
				USES_XCTRUNNER = YES;
			};
			name = Debug;
		};
		D464FF181D22836600D03490 /* Release */ = {
			isa = XCBuildConfiguration;
			buildSettings = {
				INFOPLIST_FILE = "CABaseAnimation-UseUITests/Info.plist";
				LD_RUNPATH_SEARCH_PATHS = "$(inherited) @executable_path/Frameworks @loader_path/Frameworks";
				PRODUCT_BUNDLE_IDENTIFIER = "gdw.CABaseAnimation-UseUITests";
				PRODUCT_NAME = "$(TARGET_NAME)";
				TEST_TARGET_NAME = "CABaseAnimation-Use";
				USES_XCTRUNNER = YES;
			};
			name = Release;
		};
/* End XCBuildConfiguration section */

/* Begin XCConfigurationList section */
		D464FEDE1D22836600D03490 /* Build configuration list for PBXProject "CABaseAnimation-Use" */ = {
			isa = XCConfigurationList;
			buildConfigurations = (
				D464FF0E1D22836600D03490 /* Debug */,
				D464FF0F1D22836600D03490 /* Release */,
			);
			defaultConfigurationIsVisible = 0;
			defaultConfigurationName = Release;
		};
		D464FF101D22836600D03490 /* Build configuration list for PBXNativeTarget "CABaseAnimation-Use" */ = {
			isa = XCConfigurationList;
			buildConfigurations = (
				D464FF111D22836600D03490 /* Debug */,
				D464FF121D22836600D03490 /* Release */,
			);
			defaultConfigurationIsVisible = 0;
			defaultConfigurationName = Release;
		};
		D464FF131D22836600D03490 /* Build configuration list for PBXNativeTarget "CABaseAnimation-UseTests" */ = {
			isa = XCConfigurationList;
			buildConfigurations = (
				D464FF141D22836600D03490 /* Debug */,
				D464FF151D22836600D03490 /* Release */,
			);
			defaultConfigurationIsVisible = 0;
			defaultConfigurationName = Release;
		};
		D464FF161D22836600D03490 /* Build configuration list for PBXNativeTarget "CABaseAnimation-UseUITests" */ = {
			isa = XCConfigurationList;
			buildConfigurations = (
				D464FF171D22836600D03490 /* Debug */,
				D464FF181D22836600D03490 /* Release */,
			);
			defaultConfigurationIsVisible = 0;
			defaultConfigurationName = Release;
		};
/* End XCConfigurationList section */
	};
	rootObject = D464FEDB1D22836600D03490 /* Project object */;
}
